
Microsoft Visual Studio Solution File, Format Version 12.00
# Visual Studio Version 16
VisualStudioVersion = 16.0.30320.27
MinimumVisualStudioVersion = 10.0.40219.1
Project("{FAE04EC0-301F-11D3-BF4B-00C04F79EFBC}") = "Redisredis", "Redisredis\Redisredis.csproj", "{B6FB7F1B-CC35-49A6-A106-7074C629029B}"
EndProject
Global
	GlobalSection(SolutionConfigurationPlatforms) = preSolution
		Debug|Any CPU = Debug|Any CPU
		Release|Any CPU = Release|Any CPU
	EndGlobalSection
	GlobalSection(ProjectConfigurationPlatforms) = postSolution
		{B6FB7F1B-CC35-49A6-A106-7074C629029B}.Debug|Any CPU.ActiveCfg = Debug|Any CPU
		{B6FB7F1B-CC35-49A6-A106-7074C629029B}.Debug|Any CPU.Build.0 = Debug|Any CPU
		{B6FB7F1B-CC35-49A6-A106-7074C629029B}.Release|Any CPU.ActiveCfg = Release|Any CPU
		{B6FB7F1B-CC35-49A6-A106-7074C629029B}.Release|Any CPU.Build.0 = Release|Any CPU
	EndGlobalSection
	GlobalSection(SolutionProperties) = preSolution
		HideSolutionNode = FALSE
	EndGlobalSection
	GlobalSection(ExtensibilityGlobals) = postSolution
		SolutionGuid = {2ACEA82C-79AC-4D06-96D5-E1CBBC1F058C}
	EndGlobalSection
EndGlobal
